
Microsoft Visual Studio Solution File, Format Version 12.00
# Visual Studio 2015
Project("{FAE04EC0-301F-11D3-BF4B-00C04F79EFBC}") = "ETTWHD.Plugins", "ETTWHD.Plugins.csproj", "{576EC7F1-15C3-3920-8C3E-C94A0CCBE415}"
EndProject
Project("{FAE04EC0-301F-11D3-BF4B-00C04F79EFBC}") = "ETTWHD", "ETTWHD.csproj", "{31007828-B1BB-5F91-96C0-B7E2258DDD42}"
EndProject
Project("{FAE04EC0-301F-11D3-BF4B-00C04F79EFBC}") = "ETTWHD.Editor.Plugins", "ETTWHD.Editor.Plugins.csproj", "{1AE9283C-E289-08A9-F609-D00A7E3A80A2}"
EndProject
Project("{FAE04EC0-301F-11D3-BF4B-00C04F79EFBC}") = "ETTWHD.Editor", "ETTWHD.Editor.csproj", "{98547DEE-70F0-2379-4226-ABA887A216EC}"
EndProject
Global
	GlobalSection(SolutionConfigurationPlatforms) = preSolution
		Debug|Any CPU = Debug|Any CPU
		Release|Any CPU = Release|Any CPU
	EndGlobalSection
	GlobalSection(ProjectConfigurationPlatforms) = postSolution
		{576EC7F1-15C3-3920-8C3E-C94A0CCBE415}.Debug|Any CPU.ActiveCfg = Debug|Any CPU
		{576EC7F1-15C3-3920-8C3E-C94A0CCBE415}.Debug|Any CPU.Build.0 = Debug|Any CPU
		{576EC7F1-15C3-3920-8C3E-C94A0CCBE415}.Release|Any CPU.ActiveCfg = Release|Any CPU
		{576EC7F1-15C3-3920-8C3E-C94A0CCBE415}.Release|Any CPU.Build.0 = Release|Any CPU
		{31007828-B1BB-5F91-96C0-B7E2258DDD42}.Debug|Any CPU.ActiveCfg = Debug|Any CPU
		{31007828-B1BB-5F91-96C0-B7E2258DDD42}.Debug|Any CPU.Build.0 = Debug|Any CPU
		{31007828-B1BB-5F91-96C0-B7E2258DDD42}.Release|Any CPU.ActiveCfg = Release|Any CPU
		{31007828-B1BB-5F91-96C0-B7E2258DDD42}.Release|Any CPU.Build.0 = Release|Any CPU
		{1AE9283C-E289-08A9-F609-D00A7E3A80A2}.Debug|Any CPU.ActiveCfg = Debug|Any CPU
		{1AE9283C-E289-08A9-F609-D00A7E3A80A2}.Debug|Any CPU.Build.0 = Debug|Any CPU
		{1AE9283C-E289-08A9-F609-D00A7E3A80A2}.Release|Any CPU.ActiveCfg = Release|Any CPU
		{1AE9283C-E289-08A9-F609-D00A7E3A80A2}.Release|Any CPU.Build.0 = Release|Any CPU
		{98547DEE-70F0-2379-4226-ABA887A216EC}.Debug|Any CPU.ActiveCfg = Debug|Any CPU
		{98547DEE-70F0-2379-4226-ABA887A216EC}.Debug|Any CPU.Build.0 = Debug|Any CPU
		{98547DEE-70F0-2379-4226-ABA887A216EC}.Release|Any CPU.ActiveCfg = Release|Any CPU
		{98547DEE-70F0-2379-4226-ABA887A216EC}.Release|Any CPU.Build.0 = Release|Any CPU
	EndGlobalSection
	GlobalSection(SolutionProperties) = preSolution
		HideSolutionNode = FALSE
	EndGlobalSection
EndGlobal
